{
  "version": 4,
  "terraform_version": "0.14.5",
  "serial": 87,
  "lineage": "03ea1295-e11a-5bdd-c68f-9d1478cd73b9",
  "outputs": {},
  "resources": [
    {
      "mode": "managed",
      "type": "aws_s3_bucket",
      "name": "b",
      "provider": "provider[\"registry.terraform.io/hashicorp/aws\"]",
      "instances": [
        {
          "schema_version": 0,
          "attributes": {
            "acceleration_status": "",
            "acl": "private",
            "arn": "arn:aws:s3:::mybucket-wso-autotag-abhay",
            "bucket": "mybucket-wso-autotag-abhay",
            "bucket_domain_name": "mybucket-wso-autotag-abhay.s3.amazonaws.com",
            "bucket_prefix": null,
            "bucket_regional_domain_name": "mybucket-wso-autotag-abhay.s3.ap-south-1.amazonaws.com",
            "cors_rule": [],
            "force_destroy": false,
            "grant": [],
            "hosted_zone_id": "Z11RGJOFQNVJUP",
            "id": "mybucket-wso-autotag-abhay",
            "lifecycle_rule": [],
            "logging": [],
            "object_lock_configuration": [],
            "policy": null,
            "region": "ap-south-1",
            "replication_configuration": [],
            "request_payer": "BucketOwner",
            "server_side_encryption_configuration": [],
            "tags": {
              "Company": "Abhay",
              "Name": "mybucket-c29df1-abhay"
            },
            "versioning": [
              {
                "enabled": false,
                "mfa_delete": false
              }
            ],
            "website": [],
            "website_domain": null,
            "website_endpoint": null
          },
          "sensitive_attributes": []
        }
      ]
    }
  ]
}
